
Microsoft Visual Studio Solution File, Format Version 12.00
Project("{FAE04EC0-301F-11D3-BF4B-00C04F79EFBC}") = "lab03", "lab03\lab03.csproj", "{393E70E5-8AE6-46FA-9EF9-59C542EED32C}"
EndProject
Global
	GlobalSection(SolutionConfigurationPlatforms) = preSolution
		Debug|Any CPU = Debug|Any CPU
		Release|Any CPU = Release|Any CPU
	EndGlobalSection
	GlobalSection(ProjectConfigurationPlatforms) = postSolution
		{393E70E5-8AE6-46FA-9EF9-59C542EED32C}.Debug|Any CPU.ActiveCfg = Debug|Any CPU
		{393E70E5-8AE6-46FA-9EF9-59C542EED32C}.Debug|Any CPU.Build.0 = Debug|Any CPU
		{393E70E5-8AE6-46FA-9EF9-59C542EED32C}.Release|Any CPU.ActiveCfg = Release|Any CPU
		{393E70E5-8AE6-46FA-9EF9-59C542EED32C}.Release|Any CPU.Build.0 = Release|Any CPU
	EndGlobalSection
EndGlobal
